
Microsoft Visual Studio Solution File, Format Version 12.00
# Visual Studio Version 17
VisualStudioVersion = 17.4.33110.190
MinimumVisualStudioVersion = 10.0.40219.1
Project("{FAE04EC0-301F-11D3-BF4B-00C04F79EFBC}") = "RecInfoPort", "RecInfoPort\RecInfoPort.csproj", "{F3D03CDD-02E3-470C-A48F-9B102F7C8465}"
EndProject
Global
	GlobalSection(SolutionConfigurationPlatforms) = preSolution
		Debug|Any CPU = Debug|Any CPU
		Release|Any CPU = Release|Any CPU
	EndGlobalSection
	GlobalSection(ProjectConfigurationPlatforms) = postSolution
		{F3D03CDD-02E3-470C-A48F-9B102F7C8465}.Debug|Any CPU.ActiveCfg = Debug|Any CPU
		{F3D03CDD-02E3-470C-A48F-9B102F7C8465}.Debug|Any CPU.Build.0 = Debug|Any CPU
		{F3D03CDD-02E3-470C-A48F-9B102F7C8465}.Release|Any CPU.ActiveCfg = Release|Any CPU
		{F3D03CDD-02E3-470C-A48F-9B102F7C8465}.Release|Any CPU.Build.0 = Release|Any CPU
	EndGlobalSection
	GlobalSection(SolutionProperties) = preSolution
		HideSolutionNode = FALSE
	EndGlobalSection
	GlobalSection(ExtensibilityGlobals) = postSolution
		SolutionGuid = {5F2F63F1-34AA-45DE-B21D-2F6EA41B80D2}
	EndGlobalSection
EndGlobal
